PODS:
  - Masonry (1.1.0)
  - SnapKit (5.6.0)

DEPENDENCIES:
  - Masonry
  - SnapKit

SPEC REPOS:
  trunk:
    - Masonry
    - SnapKit

SPEC CHECKSUMS:
  Masonry: 678fab65091a9290e40e2832a55e7ab731aad201
  SnapKit: e01d52ebb8ddbc333eefe2132acf85c8227d9c25

PODFILE CHECKSUM: c292262f14ff167b03658141f623e41fff4def1f

COCOAPODS: 1.11.3
